// !$*UTF8*$!
{
	archiveVersion = 1;
	classes = {
	};
	objectVersion = 50;
	objects = {

/* Begin PBXBuildFile section */
		1EA5C94EB7A0B183DB8D76C7 /* Pods_MemeMe.framework in Frameworks */ = {isa = PBXBuildFile; fileRef = 5A4433786BC655D0573FB4BE /* Pods_MemeMe.framework */; };
		6503D5DD227CC53900DB785E /* MemeDatabase.swift in Sources */ = {isa = PBXBuildFile; fileRef = 6503D5DC227CC53900DB785E /* MemeDatabase.swift */; };
		6540CF562280C039006A0780 /* RealmMeme.swift in Sources */ = {isa = PBXBuildFile; fileRef = 6540CF552280C039006A0780 /* RealmMeme.swift */; };
		65527E98227C896E006BF9CF /* MemeCreatorViewController.swift in Sources */ = {isa = PBXBuildFile; fileRef = 65527E97227C896E006BF9CF /* MemeCreatorViewController.swift */; };
		65527E9C227C89D3006BF9CF /* MemeCreatorViewController.xib in Resources */ = {isa = PBXBuildFile; fileRef = 65527E9B227C89D3006BF9CF /* MemeCreatorViewController.xib */; };
		6552B89B2278DF0500C002D8 /* AppDelegate.swift in Sources */ = {isa = PBXBuildFile; fileRef = 6552B89A2278DF0500C002D8 /* AppDelegate.swift */; };
		6552B8A22278DF0F00C002D8 /* Assets.xcassets in Resources */ = {isa = PBXBuildFile; fileRef = 6552B8A12278DF0F00C002D8 /* Assets.xcassets */; };
		6552B8A52278DF0F00C002D8 /* LaunchScreen.storyboard in Resources */ = {isa = PBXBuildFile; fileRef = 6552B8A32278DF0F00C002D8 /* LaunchScreen.storyboard */; };
		6552B8B02278DF0F00C002D8 /* MemeMeTests.swift in Sources */ = {isa = PBXBuildFile; fileRef = 6552B8AF2278DF0F00C002D8 /* MemeMeTests.swift */; };
		6552B8BB2278DF0F00C002D8 /* MemeMeUITests.swift in Sources */ = {isa = PBXBuildFile; fileRef = 6552B8BA2278DF0F00C002D8 /* MemeMeUITests.swift */; };
		6552B8D62278DFFD00C002D8 /* Meme.swift in Sources */ = {isa = PBXBuildFile; fileRef = 6552B8D52278DFFD00C002D8 /* Meme.swift */; };
		659362B7227B310200A03A33 /* AppDelegate+Factories.swift in Sources */ = {isa = PBXBuildFile; fileRef = 659362B6227B310200A03A33 /* AppDelegate+Factories.swift */; };
		659362BD227B320F00A03A33 /* NSObject+ClassName.swift in Sources */ = {isa = PBXBuildFile; fileRef = 659362BC227B320F00A03A33 /* NSObject+ClassName.swift */; };
		659362BF227B323000A03A33 /* UIView+Loadable.swift in Sources */ = {isa = PBXBuildFile; fileRef = 659362BE227B323000A03A33 /* UIView+Loadable.swift */; };
		659362C4227B348400A03A33 /* ViewControllersFactory.swift in Sources */ = {isa = PBXBuildFile; fileRef = 659362C3227B348400A03A33 /* ViewControllersFactory.swift */; };
		659362C9227B36B200A03A33 /* MyMemesViewController.swift in Sources */ = {isa = PBXBuildFile; fileRef = 659362C7227B36B200A03A33 /* MyMemesViewController.swift */; };
		659362CA227B36B200A03A33 /* MyMemesViewController.xib in Resources */ = {isa = PBXBuildFile; fileRef = 659362C8227B36B200A03A33 /* MyMemesViewController.xib */; };
		659362CD227B36C100A03A33 /* DetailViewController.swift in Sources */ = {isa = PBXBuildFile; fileRef = 659362CB227B36C100A03A33 /* DetailViewController.swift */; };
		659362CE227B36C100A03A33 /* DetailViewController.xib in Resources */ = {isa = PBXBuildFile; fileRef = 659362CC227B36C100A03A33 /* DetailViewController.xib */; };
		659362D2227B374100A03A33 /* MemeCell.swift in Sources */ = {isa = PBXBuildFile; fileRef = 659362D0227B374100A03A33 /* MemeCell.swift */; };
		659362D3227B374100A03A33 /* MemeCell.xib in Resources */ = {isa = PBXBuildFile; fileRef = 659362D1227B374100A03A33 /* MemeCell.xib */; };
		659362EC227B630300A03A33 /* AlertHelper.swift in Sources */ = {isa = PBXBuildFile; fileRef = 659362EB227B630300A03A33 /* AlertHelper.swift */; };
		659D5D3D2280A735009AF7BB /* MemeModelController.swift in Sources */ = {isa = PBXBuildFile; fileRef = 659D5D3C2280A735009AF7BB /* MemeModelController.swift */; };
		659D5D3F2280AEDB009AF7BB /* DependencyInjection.swift in Sources */ = {isa = PBXBuildFile; fileRef = 659D5D3E2280AEDB009AF7BB /* DependencyInjection.swift */; };
		65DC9BB42281CD67007B4504 /* UIView+Emptiable.swift in Sources */ = {isa = PBXBuildFile; fileRef = 65DC9BB32281CD67007B4504 /* UIView+Emptiable.swift */; };
		65DC9BB62281CD77007B4504 /* UIView+Printable.swift in Sources */ = {isa = PBXBuildFile; fileRef = 65DC9BB52281CD77007B4504 /* UIView+Printable.swift */; };
		B9B7491F743521E3723645CE /* Pods_MemeMeTests.framework in Frameworks */ = {isa = PBXBuildFile; fileRef = EC855F0E7FB64CF37E34B685 /* Pods_MemeMeTests.framework */; };
		FE1AE70E82830DB2579CB2F7 /* Pods_MemeMeUITests.framework in Frameworks */ = {isa = PBXBuildFile; fileRef = 675768DA3CF3809C0B354660 /* Pods_MemeMeUITests.framework */; };
/* End PBXBuildFile section */

/* Begin PBXContainerItemProxy section */
		6552B8AC2278DF0F00C002D8 /* PBXContainerItemProxy */ = {
			isa = PBXContainerItemProxy;
			containerPortal = 6552B88F2278DF0500C002D8 /* Project object */;
			proxyType = 1;
			remoteGlobalIDString = 6552B8962278DF0500C002D8;
			remoteInfo = MemeMe;
		};
		6552B8B72278DF0F00C002D8 /* PBXContainerItemProxy */ = {
			isa = PBXContainerItemProxy;
			containerPortal = 6552B88F2278DF0500C002D8 /* Project object */;
			proxyType = 1;
			remoteGlobalIDString = 6552B8962278DF0500C002D8;
			remoteInfo = MemeMe;
		};
/* End PBXContainerItemProxy section */

/* Begin PBXFileReference section */
		25D7FACA83702C7A1CD2407A /* Pods-MemeMe.debug.xcconfig */ = {isa = PBXFileReference; includeInIndex = 1; lastKnownFileType = text.xcconfig; name = "Pods-MemeMe.debug.xcconfig"; path = "Target Support Files/Pods-MemeMe/Pods-MemeMe.debug.xcconfig"; sourceTree = "<group>"; };
		46A96E2C3F481E9503F23C47 /* Pods-MemeMeTests.release.xcconfig */ = {isa = PBXFileReference; includeInIndex = 1; lastKnownFileType = text.xcconfig; name = "Pods-MemeMeTests.release.xcconfig"; path = "Target Support Files/Pods-MemeMeTests/Pods-MemeMeTests.release.xcconfig"; sourceTree = "<group>"; };
		56DE719F15FAFCCB0473B0B2 /* Pods-MemeMeUITests.release.xcconfig */ = {isa = PBXFileReference; includeInIndex = 1; lastKnownFileType = text.xcconfig; name = "Pods-MemeMeUITests.release.xcconfig"; path = "Target Support Files/Pods-MemeMeUITests/Pods-MemeMeUITests.release.xcconfig"; sourceTree = "<group>"; };
		5A4433786BC655D0573FB4BE /* Pods_MemeMe.framework */ = {isa = PBXFileReference; explicitFileType = wrapper.framework; includeInIndex = 0; path = Pods_MemeMe.framework; sourceTree = BUILT_PRODUCTS_DIR; };
		6503D5DC227CC53900DB785E /* MemeDatabase.swift */ = {isa = PBXFileReference; lastKnownFileType = sourcecode.swift; path = MemeDatabase.swift; sourceTree = "<group>"; };
		6540CF552280C039006A0780 /* RealmMeme.swift */ = {isa = PBXFileReference; lastKnownFileType = sourcecode.swift; path = RealmMeme.swift; sourceTree = "<group>"; };
		65527E97227C896E006BF9CF /* MemeCreatorViewController.swift */ = {isa = PBXFileReference; lastKnownFileType = sourcecode.swift; path = MemeCreatorViewController.swift; sourceTree = "<group>"; };
		65527E9B227C89D3006BF9CF /* MemeCreatorViewController.xib */ = {isa = PBXFileReference; lastKnownFileType = file.xib; path = MemeCreatorViewController.xib; sourceTree = "<group>"; };
		6552B8972278DF0500C002D8 /* MemeMe.app */ = {isa = PBXFileReference; explicitFileType = wrapper.application; includeInIndex = 0; path = MemeMe.app; sourceTree = BUILT_PRODUCTS_DIR; };
		6552B89A2278DF0500C002D8 /* AppDelegate.swift */ = {isa = PBXFileReference; lastKnownFileType = sourcecode.swift; path = AppDelegate.swift; sourceTree = "<group>"; };
		6552B8A12278DF0F00C002D8 /* Assets.xcassets */ = {isa = PBXFileReference; lastKnownFileType = folder.assetcatalog; path = Assets.xcassets; sourceTree = "<group>"; };
		6552B8A42278DF0F00C002D8 /* Base */ = {isa = PBXFileReference; lastKnownFileType = file.storyboard; name = Base; path = Base.lproj/LaunchScreen.storyboard; sourceTree = "<group>"; };
		6552B8A62278DF0F00C002D8 /* Info.plist */ = {isa = PBXFileReference; lastKnownFileType = text.plist.xml; path = Info.plist; sourceTree = "<group>"; };
		6552B8AB2278DF0F00C002D8 /* MemeMeTests.xctest */ = {isa = PBXFileReference; explicitFileType = wrapper.cfbundle; includeInIndex = 0; path = MemeMeTests.xctest; sourceTree = BUILT_PRODUCTS_DIR; };
		6552B8AF2278DF0F00C002D8 /* MemeMeTests.swift */ = {isa = PBXFileReference; lastKnownFileType = sourcecode.swift; path = MemeMeTests.swift; sourceTree = "<group>"; };
		6552B8B12278DF0F00C002D8 /* Info.plist */ = {isa = PBXFileReference; lastKnownFileType = text.plist.xml; path = Info.plist; sourceTree = "<group>"; };
		6552B8B62278DF0F00C002D8 /* MemeMeUITests.xctest */ = {isa = PBXFileReference; explicitFileType = wrapper.cfbundle; includeInIndex = 0; path = MemeMeUITests.xctest; sourceTree = BUILT_PRODUCTS_DIR; };
		6552B8BA2278DF0F00C002D8 /* MemeMeUITests.swift */ = {isa = PBXFileReference; lastKnownFileType = sourcecode.swift; path = MemeMeUITests.swift; sourceTree = "<group>"; };
		6552B8BC2278DF0F00C002D8 /* Info.plist */ = {isa = PBXFileReference; lastKnownFileType = text.plist.xml; path = Info.plist; sourceTree = "<group>"; };
		6552B8D52278DFFD00C002D8 /* Meme.swift */ = {isa = PBXFileReference; lastKnownFileType = sourcecode.swift; path = Meme.swift; sourceTree = "<group>"; };
		659362B6227B310200A03A33 /* AppDelegate+Factories.swift */ = {isa = PBXFileReference; lastKnownFileType = sourcecode.swift; path = "AppDelegate+Factories.swift"; sourceTree = "<group>"; };
		659362BC227B320F00A03A33 /* NSObject+ClassName.swift */ = {isa = PBXFileReference; lastKnownFileType = sourcecode.swift; path = "NSObject+ClassName.swift"; sourceTree = "<group>"; };
		659362BE227B323000A03A33 /* UIView+Loadable.swift */ = {isa = PBXFileReference; lastKnownFileType = sourcecode.swift; path = "UIView+Loadable.swift"; sourceTree = "<group>"; };
		659362C3227B348400A03A33 /* ViewControllersFactory.swift */ = {isa = PBXFileReference; lastKnownFileType = sourcecode.swift; path = ViewControllersFactory.swift; sourceTree = "<group>"; };
		659362C7227B36B200A03A33 /* MyMemesViewController.swift */ = {isa = PBXFileReference; lastKnownFileType = sourcecode.swift; path = MyMemesViewController.swift; sourceTree = "<group>"; };
		659362C8227B36B200A03A33 /* MyMemesViewController.xib */ = {isa = PBXFileReference; lastKnownFileType = file.xib; path = MyMemesViewController.xib; sourceTree = "<group>"; };
		659362CB227B36C100A03A33 /* DetailViewController.swift */ = {isa = PBXFileReference; lastKnownFileType = sourcecode.swift; path = DetailViewController.swift; sourceTree = "<group>"; };
		659362CC227B36C100A03A33 /* DetailViewController.xib */ = {isa = PBXFileReference; lastKnownFileType = file.xib; path = DetailViewController.xib; sourceTree = "<group>"; };
		659362D0227B374100A03A33 /* MemeCell.swift */ = {isa = PBXFileReference; lastKnownFileType = sourcecode.swift; path = MemeCell.swift; sourceTree = "<group>"; };
		659362D1227B374100A03A33 /* MemeCell.xib */ = {isa = PBXFileReference; lastKnownFileType = file.xib; path = MemeCell.xib; sourceTree = "<group>"; };
		659362EB227B630300A03A33 /* AlertHelper.swift */ = {isa = PBXFileReference; lastKnownFileType = sourcecode.swift; path = AlertHelper.swift; sourceTree = "<group>"; };
		659D5D3C2280A735009AF7BB /* MemeModelController.swift */ = {isa = PBXFileReference; lastKnownFileType = sourcecode.swift; path = MemeModelController.swift; sourceTree = "<group>"; };
		659D5D3E2280AEDB009AF7BB /* DependencyInjection.swift */ = {isa = PBXFileReference; lastKnownFileType = sourcecode.swift; path = DependencyInjection.swift; sourceTree = "<group>"; };
		65DC9BB32281CD67007B4504 /* UIView+Emptiable.swift */ = {isa = PBXFileReference; lastKnownFileType = sourcecode.swift; path = "UIView+Emptiable.swift"; sourceTree = "<group>"; };
		65DC9BB52281CD77007B4504 /* UIView+Printable.swift */ = {isa = PBXFileReference; lastKnownFileType = sourcecode.swift; path = "UIView+Printable.swift"; sourceTree = "<group>"; };
		675768DA3CF3809C0B354660 /* Pods_MemeMeUITests.framework */ = {isa = PBXFileReference; explicitFileType = wrapper.framework; includeInIndex = 0; path = Pods_MemeMeUITests.framework; sourceTree = BUILT_PRODUCTS_DIR; };
		84D739254DBB3A47DA0902BC /* Pods-MemeMeUITests.debug.xcconfig */ = {isa = PBXFileReference; includeInIndex = 1; lastKnownFileType = text.xcconfig; name = "Pods-MemeMeUITests.debug.xcconfig"; path = "Target Support Files/Pods-MemeMeUITests/Pods-MemeMeUITests.debug.xcconfig"; sourceTree = "<group>"; };
		8C68F762497AC390B048C72F /* Pods-MemeMeTests.debug.xcconfig */ = {isa = PBXFileReference; includeInIndex = 1; lastKnownFileType = text.xcconfig; name = "Pods-MemeMeTests.debug.xcconfig"; path = "Target Support Files/Pods-MemeMeTests/Pods-MemeMeTests.debug.xcconfig"; sourceTree = "<group>"; };
		B5E5AB845CEDD5764E1A7B9D /* Pods-MemeMe.release.xcconfig */ = {isa = PBXFileReference; includeInIndex = 1; lastKnownFileType = text.xcconfig; name = "Pods-MemeMe.release.xcconfig"; path = "Target Support Files/Pods-MemeMe/Pods-MemeMe.release.xcconfig"; sourceTree = "<group>"; };
		EC855F0E7FB64CF37E34B685 /* Pods_MemeMeTests.framework */ = {isa = PBXFileReference; explicitFileType = wrapper.framework; includeInIndex = 0; path = Pods_MemeMeTests.framework; sourceTree = BUILT_PRODUCTS_DIR; };
/* End PBXFileReference section */

/* Begin PBXFrameworksBuildPhase section */
		6552B8942278DF0500C002D8 /* Frameworks */ = {
			isa = PBXFrameworksBuildPhase;
			buildActionMask = 2147483647;
			files = (
				1EA5C94EB7A0B183DB8D76C7 /* Pods_MemeMe.framework in Frameworks */,
			);
			runOnlyForDeploymentPostprocessing = 0;
		};
		6552B8A82278DF0F00C002D8 /* Frameworks */ = {
			isa = PBXFrameworksBuildPhase;
			buildActionMask = 2147483647;
			files = (
				B9B7491F743521E3723645CE /* Pods_MemeMeTests.framework in Frameworks */,
			);
			runOnlyForDeploymentPostprocessing = 0;
		};
		6552B8B32278DF0F00C002D8 /* Frameworks */ = {
			isa = PBXFrameworksBuildPhase;
			buildActionMask = 2147483647;
			files = (
				FE1AE70E82830DB2579CB2F7 /* Pods_MemeMeUITests.framework in Frameworks */,
			);
			runOnlyForDeploymentPostprocessing = 0;
		};
/* End PBXFrameworksBuildPhase section */

/* Begin PBXGroup section */
		6503D5DA227CC52300DB785E /* Singletons */ = {
			isa = PBXGroup;
			children = (
				6503D5DC227CC53900DB785E /* MemeDatabase.swift */,
			);
			path = Singletons;
			sourceTree = "<group>";
		};
		6540CF542280C026006A0780 /* Models */ = {
			isa = PBXGroup;
			children = (
				6540CF552280C039006A0780 /* RealmMeme.swift */,
			);
			path = Models;
			sourceTree = "<group>";
		};
		65527E94227C8922006BF9CF /* Meme Creator */ = {
			isa = PBXGroup;
			children = (
				65527E96227C893E006BF9CF /* View Controller */,
			);
			path = "Meme Creator";
			sourceTree = "<group>";
		};
		65527E96227C893E006BF9CF /* View Controller */ = {
			isa = PBXGroup;
			children = (
				65527E97227C896E006BF9CF /* MemeCreatorViewController.swift */,
				65527E9B227C89D3006BF9CF /* MemeCreatorViewController.xib */,
			);
			path = "View Controller";
			sourceTree = "<group>";
		};
		6552B88E2278DF0500C002D8 = {
			isa = PBXGroup;
			children = (
				6552B8992278DF0500C002D8 /* MemeMe */,
				6552B8AE2278DF0F00C002D8 /* MemeMeTests */,
				6552B8B92278DF0F00C002D8 /* MemeMeUITests */,
				6552B8982278DF0500C002D8 /* Products */,
				EE902EC038DCD5CB13CBC9EC /* Pods */,
				8DB9D11115741B89514EB38E /* Frameworks */,
			);
			sourceTree = "<group>";
		};
		6552B8982278DF0500C002D8 /* Products */ = {
			isa = PBXGroup;
			children = (
				6552B8972278DF0500C002D8 /* MemeMe.app */,
				6552B8AB2278DF0F00C002D8 /* MemeMeTests.xctest */,
				6552B8B62278DF0F00C002D8 /* MemeMeUITests.xctest */,
			);
			name = Products;
			sourceTree = "<group>";
		};
		6552B8992278DF0500C002D8 /* MemeMe */ = {
			isa = PBXGroup;
			children = (
				6552B8CB2278DF2E00C002D8 /* Application */,
				659362B8227B317400A03A33 /* Conveniences */,
				658BFE652280BA0F005D4424 /* Persistence */,
				6552B8CA2278DF2B00C002D8 /* Models */,
				659362C0227B345600A03A33 /* Factories */,
				6552B8C92278DF2900C002D8 /* Features */,
				6552B8C82278DF2700C002D8 /* Supporting Files */,
			);
			path = MemeMe;
			sourceTree = "<group>";
		};
		6552B8AE2278DF0F00C002D8 /* MemeMeTests */ = {
			isa = PBXGroup;
			children = (
				6552B8AF2278DF0F00C002D8 /* MemeMeTests.swift */,
				6552B8B12278DF0F00C002D8 /* Info.plist */,
			);
			path = MemeMeTests;
			sourceTree = "<group>";
		};
		6552B8B92278DF0F00C002D8 /* MemeMeUITests */ = {
			isa = PBXGroup;
			children = (
				6552B8BA2278DF0F00C002D8 /* MemeMeUITests.swift */,
				6552B8BC2278DF0F00C002D8 /* Info.plist */,
			);
			path = MemeMeUITests;
			sourceTree = "<group>";
		};
		6552B8C82278DF2700C002D8 /* Supporting Files */ = {
			isa = PBXGroup;
			children = (
				6552B8A12278DF0F00C002D8 /* Assets.xcassets */,
				6552B8A32278DF0F00C002D8 /* LaunchScreen.storyboard */,
			);
			path = "Supporting Files";
			sourceTree = "<group>";
		};
		6552B8C92278DF2900C002D8 /* Features */ = {
			isa = PBXGroup;
			children = (
				659D5D3B2280A722009AF7BB /* Common */,
				6552B8CE2278DF9700C002D8 /* My Memes */,
				65527E94227C8922006BF9CF /* Meme Creator */,
				659362C5227B367000A03A33 /* Meme Detail */,
			);
			path = Features;
			sourceTree = "<group>";
		};
		6552B8CA2278DF2B00C002D8 /* Models */ = {
			isa = PBXGroup;
			children = (
				6552B8CC2278DF4400C002D8 /* Meme */,
			);
			path = Models;
			sourceTree = "<group>";
		};
		6552B8CB2278DF2E00C002D8 /* Application */ = {
			isa = PBXGroup;
			children = (
				6552B89A2278DF0500C002D8 /* AppDelegate.swift */,
				659362B6227B310200A03A33 /* AppDelegate+Factories.swift */,
				6552B8A62278DF0F00C002D8 /* Info.plist */,
			);
			path = Application;
			sourceTree = "<group>";
		};
		6552B8CC2278DF4400C002D8 /* Meme */ = {
			isa = PBXGroup;
			children = (
				6552B8D52278DFFD00C002D8 /* Meme.swift */,
			);
			path = Meme;
			sourceTree = "<group>";
		};
		6552B8CE2278DF9700C002D8 /* My Memes */ = {
			isa = PBXGroup;
			children = (
				659362B5227B306600A03A33 /* View Controller */,
				659362CF227B370400A03A33 /* Cells */,
			);
			path = "My Memes";
			sourceTree = "<group>";
		};
		658BFE652280BA0F005D4424 /* Persistence */ = {
			isa = PBXGroup;
			children = (
				6540CF542280C026006A0780 /* Models */,
			);
			path = Persistence;
			sourceTree = "<group>";
		};
		659362B5227B306600A03A33 /* View Controller */ = {
			isa = PBXGroup;
			children = (
				659362C7227B36B200A03A33 /* MyMemesViewController.swift */,
				659362C8227B36B200A03A33 /* MyMemesViewController.xib */,
			);
			path = "View Controller";
			sourceTree = "<group>";
		};
		659362B8227B317400A03A33 /* Conveniences */ = {
			isa = PBXGroup;
			children = (
				6503D5DA227CC52300DB785E /* Singletons */,
				659362BB227B31A500A03A33 /* Extensions */,
				659362B9227B317F00A03A33 /* Enums */,
				659362BA227B319C00A03A33 /* Helpers */,
			);
			path = Conveniences;
			sourceTree = "<group>";
		};
		659362B9227B317F00A03A33 /* Enums */ = {
			isa = PBXGroup;
			children = (
			);
			path = Enums;
			sourceTree = "<group>";
		};
		659362BA227B319C00A03A33 /* Helpers */ = {
			isa = PBXGroup;
			children = (
				659362EB227B630300A03A33 /* AlertHelper.swift */,
			);
			path = Helpers;
			sourceTree = "<group>";
		};
		659362BB227B31A500A03A33 /* Extensions */ = {
			isa = PBXGroup;
			children = (
				659362BC227B320F00A03A33 /* NSObject+ClassName.swift */,
				659362BE227B323000A03A33 /* UIView+Loadable.swift */,
				65DC9BB32281CD67007B4504 /* UIView+Emptiable.swift */,
				65DC9BB52281CD77007B4504 /* UIView+Printable.swift */,
			);
			path = Extensions;
			sourceTree = "<group>";
		};
		659362C0227B345600A03A33 /* Factories */ = {
			isa = PBXGroup;
			children = (
				659362C3227B348400A03A33 /* ViewControllersFactory.swift */,
			);
			path = Factories;
			sourceTree = "<group>";
		};
		659362C5227B367000A03A33 /* Meme Detail */ = {
			isa = PBXGroup;
			children = (
				659362C6227B369000A03A33 /* View Controller */,
			);
			path = "Meme Detail";
			sourceTree = "<group>";
		};
		659362C6227B369000A03A33 /* View Controller */ = {
			isa = PBXGroup;
			children = (
				659362CB227B36C100A03A33 /* DetailViewController.swift */,
				659362CC227B36C100A03A33 /* DetailViewController.xib */,
			);
			path = "View Controller";
			sourceTree = "<group>";
		};
		659362CF227B370400A03A33 /* Cells */ = {
			isa = PBXGroup;
			children = (
				659362D0227B374100A03A33 /* MemeCell.swift */,
				659362D1227B374100A03A33 /* MemeCell.xib */,
			);
			path = Cells;
			sourceTree = "<group>";
		};
		659D5D3B2280A722009AF7BB /* Common */ = {
			isa = PBXGroup;
			children = (
				659D5D3C2280A735009AF7BB /* MemeModelController.swift */,
				659D5D3E2280AEDB009AF7BB /* DependencyInjection.swift */,
			);
			path = Common;
			sourceTree = "<group>";
		};
		8DB9D11115741B89514EB38E /* Frameworks */ = {
			isa = PBXGroup;
			children = (
				5A4433786BC655D0573FB4BE /* Pods_MemeMe.framework */,
				EC855F0E7FB64CF37E34B685 /* Pods_MemeMeTests.framework */,
				675768DA3CF3809C0B354660 /* Pods_MemeMeUITests.framework */,
			);
			name = Frameworks;
			sourceTree = "<group>";
		};
		EE902EC038DCD5CB13CBC9EC /* Pods */ = {
			isa = PBXGroup;
			children = (
				25D7FACA83702C7A1CD2407A /* Pods-MemeMe.debug.xcconfig */,
				B5E5AB845CEDD5764E1A7B9D /* Pods-MemeMe.release.xcconfig */,
				8C68F762497AC390B048C72F /* Pods-MemeMeTests.debug.xcconfig */,
				46A96E2C3F481E9503F23C47 /* Pods-MemeMeTests.release.xcconfig */,
				84D739254DBB3A47DA0902BC /* Pods-MemeMeUITests.debug.xcconfig */,
				56DE719F15FAFCCB0473B0B2 /* Pods-MemeMeUITests.release.xcconfig */,
			);
			path = Pods;
			sourceTree = "<group>";
		};
/* End PBXGroup section */

/* Begin PBXNativeTarget section */
		6552B8962278DF0500C002D8 /* MemeMe */ = {
			isa = PBXNativeTarget;
			buildConfigurationList = 6552B8BF2278DF0F00C002D8 /* Build configuration list for PBXNativeTarget "MemeMe" */;
			buildPhases = (
				315EA2E0B45BC53CAC69D828 /* [CP] Check Pods Manifest.lock */,
				6552B8932278DF0500C002D8 /* Sources */,
				6552B8942278DF0500C002D8 /* Frameworks */,
				6552B8952278DF0500C002D8 /* Resources */,
				BDAC08B53D76A68CBCE81C63 /* [CP] Embed Pods Frameworks */,
			);
			buildRules = (
			);
			dependencies = (
			);
			name = MemeMe;
			productName = MemeMe;
			productReference = 6552B8972278DF0500C002D8 /* MemeMe.app */;
			productType = "com.apple.product-type.application";
		};
		6552B8AA2278DF0F00C002D8 /* MemeMeTests */ = {
			isa = PBXNativeTarget;
			buildConfigurationList = 6552B8C22278DF0F00C002D8 /* Build configuration list for PBXNativeTarget "MemeMeTests" */;
			buildPhases = (
				4928FA7A4AA82FBDAF508285 /* [CP] Check Pods Manifest.lock */,
				6552B8A72278DF0F00C002D8 /* Sources */,
				6552B8A82278DF0F00C002D8 /* Frameworks */,
				6552B8A92278DF0F00C002D8 /* Resources */,
			);
			buildRules = (
			);
			dependencies = (
				6552B8AD2278DF0F00C002D8 /* PBXTargetDependency */,
			);
			name = MemeMeTests;
			productName = MemeMeTests;
			productReference = 6552B8AB2278DF0F00C002D8 /* MemeMeTests.xctest */;
			productType = "com.apple.product-type.bundle.unit-test";
		};
		6552B8B52278DF0F00C002D8 /* MemeMeUITests */ = {
			isa = PBXNativeTarget;
			buildConfigurationList = 6552B8C52278DF0F00C002D8 /* Build configuration list for PBXNativeTarget "MemeMeUITests" */;
			buildPhases = (
				2A873D46DC57EF5FA5880CD9 /* [CP] Check Pods Manifest.lock */,
				6552B8B22278DF0F00C002D8 /* Sources */,
				6552B8B32278DF0F00C002D8 /* Frameworks */,
				6552B8B42278DF0F00C002D8 /* Resources */,
			);
			buildRules = (
			);
			dependencies = (
				6552B8B82278DF0F00C002D8 /* PBXTargetDependency */,
			);
			name = MemeMeUITests;
			productName = MemeMeUITests;
			productReference = 6552B8B62278DF0F00C002D8 /* MemeMeUITests.xctest */;
			productType = "com.apple.product-type.bundle.ui-testing";
		};
/* End PBXNativeTarget section */

/* Begin PBXProject section */
		6552B88F2278DF0500C002D8 /* Project object */ = {
			isa = PBXProject;
			attributes = {
				LastSwiftUpdateCheck = 1020;
				LastUpgradeCheck = 1020;
				ORGANIZATIONNAME = "Andre Sanches Bocato";
				TargetAttributes = {
					6552B8962278DF0500C002D8 = {
						CreatedOnToolsVersion = 10.2.1;
					};
					6552B8AA2278DF0F00C002D8 = {
						CreatedOnToolsVersion = 10.2.1;
						TestTargetID = 6552B8962278DF0500C002D8;
					};
					6552B8B52278DF0F00C002D8 = {
						CreatedOnToolsVersion = 10.2.1;
						TestTargetID = 6552B8962278DF0500C002D8;
					};
				};
			};
			buildConfigurationList = 6552B8922278DF0500C002D8 /* Build configuration list for PBXProject "MemeMe" */;
			compatibilityVersion = "Xcode 9.3";
			developmentRegion = en;
			hasScannedForEncodings = 0;
			knownRegions = (
				en,
				Base,
			);
			mainGroup = 6552B88E2278DF0500C002D8;
			productRefGroup = 6552B8982278DF0500C002D8 /* Products */;
			projectDirPath = "";
			projectRoot = "";
			targets = (
				6552B8962278DF0500C002D8 /* MemeMe */,
				6552B8AA2278DF0F00C002D8 /* MemeMeTests */,
				6552B8B52278DF0F00C002D8 /* MemeMeUITests */,
			);
		};
/* End PBXProject section */

/* Begin PBXResourcesBuildPhase section */
		6552B8952278DF0500C002D8 /* Resources */ = {
			isa = PBXResourcesBuildPhase;
			buildActionMask = 2147483647;
			files = (
				6552B8A52278DF0F00C002D8 /* LaunchScreen.storyboard in Resources */,
				6552B8A22278DF0F00C002D8 /* Assets.xcassets in Resources */,
				65527E9C227C89D3006BF9CF /* MemeCreatorViewController.xib in Resources */,
				659362CE227B36C100A03A33 /* DetailViewController.xib in Resources */,
				659362D3227B374100A03A33 /* MemeCell.xib in Resources */,
				659362CA227B36B200A03A33 /* MyMemesViewController.xib in Resources */,
			);
			runOnlyForDeploymentPostprocessing = 0;
		};
		6552B8A92278DF0F00C002D8 /* Resources */ = {
			isa = PBXResourcesBuildPhase;
			buildActionMask = 2147483647;
			files = (
			);
			runOnlyForDeploymentPostprocessing = 0;
		};
		6552B8B42278DF0F00C002D8 /* Resources */ = {
			isa = PBXResourcesBuildPhase;
			buildActionMask = 2147483647;
			files = (
			);
			runOnlyForDeploymentPostprocessing = 0;
		};
/* End PBXResourcesBuildPhase section */

/* Begin PBXShellScriptBuildPhase section */
		2A873D46DC57EF5FA5880CD9 /* [CP] Check Pods Manifest.lock */ = {
			isa = PBXShellScriptBuildPhase;
			buildActionMask = 2147483647;
			files = (
			);
			inputFileListPaths = (
			);
			inputPaths = (
				"${PODS_PODFILE_DIR_PATH}/Podfile.lock",
				"${PODS_ROOT}/Manifest.lock",
			);
			name = "[CP] Check Pods Manifest.lock";
			outputFileListPaths = (
			);
			outputPaths = (
				"$(DERIVED_FILE_DIR)/Pods-MemeMeUITests-checkManifestLockResult.txt",
			);
			runOnlyForDeploymentPostprocessing = 0;
			shellPath = /bin/sh;
			shellScript = "diff \"${PODS_PODFILE_DIR_PATH}/Podfile.lock\" \"${PODS_ROOT}/Manifest.lock\" > /dev/null\nif [ $? != 0 ] ; then\n    # print error to STDERR\n    echo \"error: The sandbox is not in sync with the Podfile.lock. Run 'pod install' or update your CocoaPods installation.\" >&2\n    exit 1\nfi\n# This output is used by Xcode 'outputs' to avoid re-running this script phase.\necho \"SUCCESS\" > \"${SCRIPT_OUTPUT_FILE_0}\"\n";
			showEnvVarsInLog = 0;
		};
		315EA2E0B45BC53CAC69D828 /* [CP] Check Pods Manifest.lock */ = {
			isa = PBXShellScriptBuildPhase;
			buildActionMask = 2147483647;
			files = (
			);
			inputFileListPaths = (
			);
			inputPaths = (
				"${PODS_PODFILE_DIR_PATH}/Podfile.lock",
				"${PODS_ROOT}/Manifest.lock",
			);
			name = "[CP] Check Pods Manifest.lock";
			outputFileListPaths = (
			);
			outputPaths = (
				"$(DERIVED_FILE_DIR)/Pods-MemeMe-checkManifestLockResult.txt",
			);
			runOnlyForDeploymentPostprocessing = 0;
			shellPath = /bin/sh;
			shellScript = "diff \"${PODS_PODFILE_DIR_PATH}/Podfile.lock\" \"${PODS_ROOT}/Manifest.lock\" > /dev/null\nif [ $? != 0 ] ; then\n    # print error to STDERR\n    echo \"error: The sandbox is not in sync with the Podfile.lock. Run 'pod install' or update your CocoaPods installation.\" >&2\n    exit 1\nfi\n# This output is used by Xcode 'outputs' to avoid re-running this script phase.\necho \"SUCCESS\" > \"${SCRIPT_OUTPUT_FILE_0}\"\n";
			showEnvVarsInLog = 0;
		};
		4928FA7A4AA82FBDAF508285 /* [CP] Check Pods Manifest.lock */ = {
			isa = PBXShellScriptBuildPhase;
			buildActionMask = 2147483647;
			files = (
			);
			inputFileListPaths = (
			);
			inputPaths = (
				"${PODS_PODFILE_DIR_PATH}/Podfile.lock",
				"${PODS_ROOT}/Manifest.lock",
			);
			name = "[CP] Check Pods Manifest.lock";
			outputFileListPaths = (
			);
			outputPaths = (
				"$(DERIVED_FILE_DIR)/Pods-MemeMeTests-checkManifestLockResult.txt",
			);
			runOnlyForDeploymentPostprocessing = 0;
			shellPath = /bin/sh;
			shellScript = "diff \"${PODS_PODFILE_DIR_PATH}/Podfile.lock\" \"${PODS_ROOT}/Manifest.lock\" > /dev/null\nif [ $? != 0 ] ; then\n    # print error to STDERR\n    echo \"error: The sandbox is not in sync with the Podfile.lock. Run 'pod install' or update your CocoaPods installation.\" >&2\n    exit 1\nfi\n# This output is used by Xcode 'outputs' to avoid re-running this script phase.\necho \"SUCCESS\" > \"${SCRIPT_OUTPUT_FILE_0}\"\n";
			showEnvVarsInLog = 0;
		};
		BDAC08B53D76A68CBCE81C63 /* [CP] Embed Pods Frameworks */ = {
			isa = PBXShellScriptBuildPhase;
			buildActionMask = 2147483647;
			files = (
			);
			inputFileListPaths = (
			);
			inputPaths = (
				"${PODS_ROOT}/Target Support Files/Pods-MemeMe/Pods-MemeMe-frameworks.sh",
				"${BUILT_PRODUCTS_DIR}/Realm/Realm.framework",
				"${BUILT_PRODUCTS_DIR}/RealmSwift/RealmSwift.framework",
			);
			name = "[CP] Embed Pods Frameworks";
			outputFileListPaths = (
			);
			outputPaths = (
				"${TARGET_BUILD_DIR}/${FRAMEWORKS_FOLDER_PATH}/Realm.framework",
				"${TARGET_BUILD_DIR}/${FRAMEWORKS_FOLDER_PATH}/RealmSwift.framework",
			);
			runOnlyForDeploymentPostprocessing = 0;
			shellPath = /bin/sh;
			shellScript = "\"${PODS_ROOT}/Target Support Files/Pods-MemeMe/Pods-MemeMe-frameworks.sh\"\n";
			showEnvVarsInLog = 0;
		};
/* End PBXShellScriptBuildPhase section */

/* Begin PBXSourcesBuildPhase section */
		6552B8932278DF0500C002D8 /* Sources */ = {
			isa = PBXSourcesBuildPhase;
			buildActionMask = 2147483647;
			files = (
				65DC9BB62281CD77007B4504 /* UIView+Printable.swift in Sources */,
				659362BF227B323000A03A33 /* UIView+Loadable.swift in Sources */,
				659362C4227B348400A03A33 /* ViewControllersFactory.swift in Sources */,
				659D5D3F2280AEDB009AF7BB /* DependencyInjection.swift in Sources */,
				659362EC227B630300A03A33 /* AlertHelper.swift in Sources */,
				659362BD227B320F00A03A33 /* NSObject+ClassName.swift in Sources */,
				6503D5DD227CC53900DB785E /* MemeDatabase.swift in Sources */,
				6552B89B2278DF0500C002D8 /* AppDelegate.swift in Sources */,
				659D5D3D2280A735009AF7BB /* MemeModelController.swift in Sources */,
				65DC9BB42281CD67007B4504 /* UIView+Emptiable.swift in Sources */,
				65527E98227C896E006BF9CF /* MemeCreatorViewController.swift in Sources */,
				6540CF562280C039006A0780 /* RealmMeme.swift in Sources */,
				659362C9227B36B200A03A33 /* MyMemesViewController.swift in Sources */,
				659362B7227B310200A03A33 /* AppDelegate+Factories.swift in Sources */,
				659362CD227B36C100A03A33 /* DetailViewController.swift in Sources */,
				6552B8D62278DFFD00C002D8 /* Meme.swift in Sources */,
				659362D2227B374100A03A33 /* MemeCell.swift in Sources */,
			);
			runOnlyForDeploymentPostprocessing = 0;
		};
		6552B8A72278DF0F00C002D8 /* Sources */ = {
			isa = PBXSourcesBuildPhase;
			buildActionMask = 2147483647;
			files = (
				6552B8B02278DF0F00C002D8 /* MemeMeTests.swift in Sources */,
			);
			runOnlyForDeploymentPostprocessing = 0;
		};
		6552B8B22278DF0F00C002D8 /* Sources */ = {
			isa = PBXSourcesBuildPhase;
			buildActionMask = 2147483647;
			files = (
				6552B8BB2278DF0F00C002D8 /* MemeMeUITests.swift in Sources */,
			);
			runOnlyForDeploymentPostprocessing = 0;
		};
/* End PBXSourcesBuildPhase section */

/* Begin PBXTargetDependency section */
		6552B8AD2278DF0F00C002D8 /* PBXTargetDependency */ = {
			isa = PBXTargetDependency;
			target = 6552B8962278DF0500C002D8 /* MemeMe */;
			targetProxy = 6552B8AC2278DF0F00C002D8 /* PBXContainerItemProxy */;
		};
		6552B8B82278DF0F00C002D8 /* PBXTargetDependency */ = {
			isa = PBXTargetDependency;
			target = 6552B8962278DF0500C002D8 /* MemeMe */;
			targetProxy = 6552B8B72278DF0F00C002D8 /* PBXContainerItemProxy */;
		};
/* End PBXTargetDependency section */

/* Begin PBXVariantGroup section */
		6552B8A32278DF0F00C002D8 /* LaunchScreen.storyboard */ = {
			isa = PBXVariantGroup;
			children = (
				6552B8A42278DF0F00C002D8 /* Base */,
			);
			name = LaunchScreen.storyboard;
			sourceTree = "<group>";
		};
/* End PBXVariantGroup section */

/* Begin XCBuildConfiguration section */
		6552B8BD2278DF0F00C002D8 /* Debug */ = {
			isa = XCBuildConfiguration;
			buildSettings = {
				ALWAYS_SEARCH_USER_PATHS = NO;
				CLANG_ANALYZER_NONNULL = YES;
				CLANG_ANALYZER_NUMBER_OBJECT_CONVERSION = YES_AGGRESSIVE;
				CLANG_CXX_LANGUAGE_STANDARD = "gnu++14";
				CLANG_CXX_LIBRARY = "libc++";
				CLANG_ENABLE_MODULES = YES;
				CLANG_ENABLE_OBJC_ARC = YES;
				CLANG_ENABLE_OBJC_WEAK = YES;
				CLANG_WARN_BLOCK_CAPTURE_AUTORELEASING = YES;
				CLANG_WARN_BOOL_CONVERSION = YES;
				CLANG_WARN_COMMA = YES;
				CLANG_WARN_CONSTANT_CONVERSION = YES;
				CLANG_WARN_DEPRECATED_OBJC_IMPLEMENTATIONS = YES;
				CLANG_WARN_DIRECT_OBJC_ISA_USAGE = YES_ERROR;
				CLANG_WARN_DOCUMENTATION_COMMENTS = YES;
				CLANG_WARN_EMPTY_BODY = YES;
				CLANG_WARN_ENUM_CONVERSION = YES;
				CLANG_WARN_INFINITE_RECURSION = YES;
				CLANG_WARN_INT_CONVERSION = YES;
				CLANG_WARN_NON_LITERAL_NULL_CONVERSION = YES;
				CLANG_WARN_OBJC_IMPLICIT_RETAIN_SELF = YES;
				CLANG_WARN_OBJC_LITERAL_CONVERSION = YES;
				CLANG_WARN_OBJC_ROOT_CLASS = YES_ERROR;
				CLANG_WARN_RANGE_LOOP_ANALYSIS = YES;
				CLANG_WARN_STRICT_PROTOTYPES = YES;
				CLANG_WARN_SUSPICIOUS_MOVE = YES;
				CLANG_WARN_UNGUARDED_AVAILABILITY = YES_AGGRESSIVE;
				CLANG_WARN_UNREACHABLE_CODE = YES;
				CLANG_WARN__DUPLICATE_METHOD_MATCH = YES;
				CODE_SIGN_IDENTITY = "iPhone Developer";
				COPY_PHASE_STRIP = NO;
				DEBUG_INFORMATION_FORMAT = dwarf;
				ENABLE_STRICT_OBJC_MSGSEND = YES;
				ENABLE_TESTABILITY = YES;
				GCC_C_LANGUAGE_STANDARD = gnu11;
				GCC_DYNAMIC_NO_PIC = NO;
				GCC_NO_COMMON_BLOCKS = YES;
				GCC_OPTIMIZATION_LEVEL = 0;
				GCC_PREPROCESSOR_DEFINITIONS = (
					"DEBUG=1",
					"$(inherited)",
				);
				GCC_WARN_64_TO_32_BIT_CONVERSION = YES;
				GCC_WARN_ABOUT_RETURN_TYPE = YES_ERROR;
				GCC_WARN_UNDECLARED_SELECTOR = YES;
				GCC_WARN_UNINITIALIZED_AUTOS = YES_AGGRESSIVE;
				GCC_WARN_UNUSED_FUNCTION = YES;
				GCC_WARN_UNUSED_VARIABLE = YES;
				IPHONEOS_DEPLOYMENT_TARGET = 12.2;
				MTL_ENABLE_DEBUG_INFO = INCLUDE_SOURCE;
				MTL_FAST_MATH = YES;
				ONLY_ACTIVE_ARCH = YES;
				SDKROOT = iphoneos;
				SWIFT_ACTIVE_COMPILATION_CONDITIONS = DEBUG;
				SWIFT_OPTIMIZATION_LEVEL = "-Onone";
			};
			name = Debug;
		};
		6552B8BE2278DF0F00C002D8 /* Release */ = {
			isa = XCBuildConfiguration;
			buildSettings = {
				ALWAYS_SEARCH_USER_PATHS = NO;
				CLANG_ANALYZER_NONNULL = YES;
				CLANG_ANALYZER_NUMBER_OBJECT_CONVERSION = YES_AGGRESSIVE;
				CLANG_CXX_LANGUAGE_STANDARD = "gnu++14";
				CLANG_CXX_LIBRARY = "libc++";
				CLANG_ENABLE_MODULES = YES;
				CLANG_ENABLE_OBJC_ARC = YES;
				CLANG_ENABLE_OBJC_WEAK = YES;
				CLANG_WARN_BLOCK_CAPTURE_AUTORELEASING = YES;
				CLANG_WARN_BOOL_CONVERSION = YES;
				CLANG_WARN_COMMA = YES;
				CLANG_WARN_CONSTANT_CONVERSION = YES;
				CLANG_WARN_DEPRECATED_OBJC_IMPLEMENTATIONS = YES;
				CLANG_WARN_DIRECT_OBJC_ISA_USAGE = YES_ERROR;
				CLANG_WARN_DOCUMENTATION_COMMENTS = YES;
				CLANG_WARN_EMPTY_BODY = YES;
				CLANG_WARN_ENUM_CONVERSION = YES;
				CLANG_WARN_INFINITE_RECURSION = YES;
				CLANG_WARN_INT_CONVERSION = YES;
				CLANG_WARN_NON_LITERAL_NULL_CONVERSION = YES;
				CLANG_WARN_OBJC_IMPLICIT_RETAIN_SELF = YES;
				CLANG_WARN_OBJC_LITERAL_CONVERSION = YES;
				CLANG_WARN_OBJC_ROOT_CLASS = YES_ERROR;
				CLANG_WARN_RANGE_LOOP_ANALYSIS = YES;
				CLANG_WARN_STRICT_PROTOTYPES = YES;
				CLANG_WARN_SUSPICIOUS_MOVE = YES;
				CLANG_WARN_UNGUARDED_AVAILABILITY = YES_AGGRESSIVE;
				CLANG_WARN_UNREACHABLE_CODE = YES;
				CLANG_WARN__DUPLICATE_METHOD_MATCH = YES;
				CODE_SIGN_IDENTITY = "iPhone Developer";
				COPY_PHASE_STRIP = NO;
				DEBUG_INFORMATION_FORMAT = "dwarf-with-dsym";
				ENABLE_NS_ASSERTIONS = NO;
				ENABLE_STRICT_OBJC_MSGSEND = YES;
				GCC_C_LANGUAGE_STANDARD = gnu11;
				GCC_NO_COMMON_BLOCKS = YES;
				GCC_WARN_64_TO_32_BIT_CONVERSION = YES;
				GCC_WARN_ABOUT_RETURN_TYPE = YES_ERROR;
				GCC_WARN_UNDECLARED_SELECTOR = YES;
				GCC_WARN_UNINITIALIZED_AUTOS = YES_AGGRESSIVE;
				GCC_WARN_UNUSED_FUNCTION = YES;
				GCC_WARN_UNUSED_VARIABLE = YES;
				IPHONEOS_DEPLOYMENT_TARGET = 12.2;
				MTL_ENABLE_DEBUG_INFO = NO;
				MTL_FAST_MATH = YES;
				SDKROOT = iphoneos;
				SWIFT_COMPILATION_MODE = wholemodule;
				SWIFT_OPTIMIZATION_LEVEL = "-O";
				VALIDATE_PRODUCT = YES;
			};
			name = Release;
		};
		6552B8C02278DF0F00C002D8 /* Debug */ = {
			isa = XCBuildConfiguration;
			baseConfigurationReference = 25D7FACA83702C7A1CD2407A /* Pods-MemeMe.debug.xcconfig */;
			buildSettings = {
				ASSETCATALOG_COMPILER_APPICON_NAME = AppIcon;
				CODE_SIGN_STYLE = Automatic;
				DEVELOPMENT_TEAM = Q6D8LQAG8B;
				INFOPLIST_FILE = "$(SRCROOT)/MemeMe/Application/Info.plist";
				LD_RUNPATH_SEARCH_PATHS = (
					"$(inherited)",
					"@executable_path/Frameworks",
				);
				PRODUCT_BUNDLE_IDENTIFIER = com.bocato.MemeMe;
				PRODUCT_NAME = "$(TARGET_NAME)";
				SWIFT_VERSION = 5.0;
				TARGETED_DEVICE_FAMILY = "1,2";
			};
			name = Debug;
		};
		6552B8C12278DF0F00C002D8 /* Release */ = {
			isa = XCBuildConfiguration;
			baseConfigurationReference = B5E5AB845CEDD5764E1A7B9D /* Pods-MemeMe.release.xcconfig */;
			buildSettings = {
				ASSETCATALOG_COMPILER_APPICON_NAME = AppIcon;
				CODE_SIGN_STYLE = Automatic;
				DEVELOPMENT_TEAM = Q6D8LQAG8B;
				INFOPLIST_FILE = "$(SRCROOT)/MemeMe/Application/Info.plist";
				LD_RUNPATH_SEARCH_PATHS = (
					"$(inherited)",
					"@executable_path/Frameworks",
				);
				PRODUCT_BUNDLE_IDENTIFIER = com.bocato.MemeMe;
				PRODUCT_NAME = "$(TARGET_NAME)";
				SWIFT_VERSION = 5.0;
				TARGETED_DEVICE_FAMILY = "1,2";
			};
			name = Release;
		};
		6552B8C32278DF0F00C002D8 /* Debug */ = {
			isa = XCBuildConfiguration;
			baseConfigurationReference = 8C68F762497AC390B048C72F /* Pods-MemeMeTests.debug.xcconfig */;
			buildSettings = {
				ALWAYS_EMBED_SWIFT_STANDARD_LIBRARIES = YES;
				BUNDLE_LOADER = "$(TEST_HOST)";
				CODE_SIGN_STYLE = Automatic;
				DEVELOPMENT_TEAM = Q6D8LQAG8B;
				INFOPLIST_FILE = MemeMeTests/Info.plist;
				LD_RUNPATH_SEARCH_PATHS = (
					"$(inherited)",
					"@executable_path/Frameworks",
					"@loader_path/Frameworks",
				);
				PRODUCT_BUNDLE_IDENTIFIER = com.bocato.MemeMeTests;
				PRODUCT_NAME = "$(TARGET_NAME)";
				SWIFT_VERSION = 5.0;
				TARGETED_DEVICE_FAMILY = "1,2";
				TEST_HOST = "$(BUILT_PRODUCTS_DIR)/MemeMe.app/MemeMe";
			};
			name = Debug;
		};
		6552B8C42278DF0F00C002D8 /* Release */ = {
			isa = XCBuildConfiguration;
			baseConfigurationReference = 46A96E2C3F481E9503F23C47 /* Pods-MemeMeTests.release.xcconfig */;
			buildSettings = {
				ALWAYS_EMBED_SWIFT_STANDARD_LIBRARIES = YES;
				BUNDLE_LOADER = "$(TEST_HOST)";
				CODE_SIGN_STYLE = Automatic;
				DEVELOPMENT_TEAM = Q6D8LQAG8B;
				INFOPLIST_FILE = MemeMeTests/Info.plist;
				LD_RUNPATH_SEARCH_PATHS = (
					"$(inherited)",
					"@executable_path/Frameworks",
					"@loader_path/Frameworks",
				);
				PRODUCT_BUNDLE_IDENTIFIER = com.bocato.MemeMeTests;
				PRODUCT_NAME = "$(TARGET_NAME)";
				SWIFT_VERSION = 5.0;
				TARGETED_DEVICE_FAMILY = "1,2";
				TEST_HOST = "$(BUILT_PRODUCTS_DIR)/MemeMe.app/MemeMe";
			};
			name = Release;
		};
		6552B8C62278DF0F00C002D8 /* Debug */ = {
			isa = XCBuildConfiguration;
			baseConfigurationReference = 84D739254DBB3A47DA0902BC /* Pods-MemeMeUITests.debug.xcconfig */;
			buildSettings = {
				ALWAYS_EMBED_SWIFT_STANDARD_LIBRARIES = YES;
				CODE_SIGN_STYLE = Automatic;
				DEVELOPMENT_TEAM = Q6D8LQAG8B;
				INFOPLIST_FILE = MemeMeUITests/Info.plist;
				LD_RUNPATH_SEARCH_PATHS = (
					"$(inherited)",
					"@executable_path/Frameworks",
					"@loader_path/Frameworks",
				);
				PRODUCT_BUNDLE_IDENTIFIER = com.bocato.MemeMeUITests;
				PRODUCT_NAME = "$(TARGET_NAME)";
				SWIFT_VERSION = 5.0;
				TARGETED_DEVICE_FAMILY = "1,2";
				TEST_TARGET_NAME = MemeMe;
			};
			name = Debug;
		};
		6552B8C72278DF0F00C002D8 /* Release */ = {
			isa = XCBuildConfiguration;
			baseConfigurationReference = 56DE719F15FAFCCB0473B0B2 /* Pods-MemeMeUITests.release.xcconfig */;
			buildSettings = {
				ALWAYS_EMBED_SWIFT_STANDARD_LIBRARIES = YES;
				CODE_SIGN_STYLE = Automatic;
				DEVELOPMENT_TEAM = Q6D8LQAG8B;
				INFOPLIST_FILE = MemeMeUITests/Info.plist;
				LD_RUNPATH_SEARCH_PATHS = (
					"$(inherited)",
					"@executable_path/Frameworks",
					"@loader_path/Frameworks",
				);
				PRODUCT_BUNDLE_IDENTIFIER = com.bocato.MemeMeUITests;
				PRODUCT_NAME = "$(TARGET_NAME)";
				SWIFT_VERSION = 5.0;
				TARGETED_DEVICE_FAMILY = "1,2";
				TEST_TARGET_NAME = MemeMe;
			};
			name = Release;
		};
/* End XCBuildConfiguration section */

/* Begin XCConfigurationList section */
		6552B8922278DF0500C002D8 /* Build configuration list for PBXProject "MemeMe" */ = {
			isa = XCConfigurationList;
			buildConfigurations = (
				6552B8BD2278DF0F00C002D8 /* Debug */,
				6552B8BE2278DF0F00C002D8 /* Release */,
			);
			defaultConfigurationIsVisible = 0;
			defaultConfigurationName = Release;
		};
		6552B8BF2278DF0F00C002D8 /* Build configuration list for PBXNativeTarget "MemeMe" */ = {
			isa = XCConfigurationList;
			buildConfigurations = (
				6552B8C02278DF0F00C002D8 /* Debug */,
				6552B8C12278DF0F00C002D8 /* Release */,
			);
			defaultConfigurationIsVisible = 0;
			defaultConfigurationName = Release;
		};
		6552B8C22278DF0F00C002D8 /* Build configuration list for PBXNativeTarget "MemeMeTests" */ = {
			isa = XCConfigurationList;
			buildConfigurations = (
				6552B8C32278DF0F00C002D8 /* Debug */,
				6552B8C42278DF0F00C002D8 /* Release */,
			);
			defaultConfigurationIsVisible = 0;
			defaultConfigurationName = Release;
		};
		6552B8C52278DF0F00C002D8 /* Build configuration list for PBXNativeTarget "MemeMeUITests" */ = {
			isa = XCConfigurationList;
			buildConfigurations = (
				6552B8C62278DF0F00C002D8 /* Debug */,
				6552B8C72278DF0F00C002D8 /* Release */,
			);
			defaultConfigurationIsVisible = 0;
			defaultConfigurationName = Release;
		};
/* End XCConfigurationList section */
	};
	rootObject = 6552B88F2278DF0500C002D8 /* Project object */;
}
